
Microsoft Visual Studio Solution File, Format Version 12.00
# Visual Studio 15
VisualStudioVersion = 15.0.28307.645
MinimumVisualStudioVersion = 10.0.40219.1
Project("{FAE04EC0-301F-11D3-BF4B-00C04F79EFBC}") = "RosShop.App", "RosShop.App\RosShop.App.csproj", "{6B8B6285-1E78-4EFA-884B-47671B89E531}"
EndProject
Project("{FAE04EC0-301F-11D3-BF4B-00C04F79EFBC}") = "RosShop.Data", "RosShop.Data\RosShop.Data.csproj", "{424178AF-F0C6-4BE8-9781-393C9B218D58}"
EndProject
Project("{FAE04EC0-301F-11D3-BF4B-00C04F79EFBC}") = "RosShop.Services", "RosShop.Services\RosShop.Services.csproj", "{2D3DF445-163C-47D9-AF0D-BDB900095A85}"
EndProject
Global
	GlobalSection(SolutionConfigurationPlatforms) = preSolution
		Debug|Any CPU = Debug|Any CPU
		Release|Any CPU = Release|Any CPU
	EndGlobalSection
	GlobalSection(ProjectConfigurationPlatforms) = postSolution
		{6B8B6285-1E78-4EFA-884B-47671B89E531}.Debug|Any CPU.ActiveCfg = Debug|Any CPU
		{6B8B6285-1E78-4EFA-884B-47671B89E531}.Debug|Any CPU.Build.0 = Debug|Any CPU
		{6B8B6285-1E78-4EFA-884B-47671B89E531}.Release|Any CPU.ActiveCfg = Release|Any CPU
		{6B8B6285-1E78-4EFA-884B-47671B89E531}.Release|Any CPU.Build.0 = Release|Any CPU
		{424178AF-F0C6-4BE8-9781-393C9B218D58}.Debug|Any CPU.ActiveCfg = Debug|Any CPU
		{424178AF-F0C6-4BE8-9781-393C9B218D58}.Debug|Any CPU.Build.0 = Debug|Any CPU
		{424178AF-F0C6-4BE8-9781-393C9B218D58}.Release|Any CPU.ActiveCfg = Release|Any CPU
		{424178AF-F0C6-4BE8-9781-393C9B218D58}.Release|Any CPU.Build.0 = Release|Any CPU
		{2D3DF445-163C-47D9-AF0D-BDB900095A85}.Debug|Any CPU.ActiveCfg = Debug|Any CPU
		{2D3DF445-163C-47D9-AF0D-BDB900095A85}.Debug|Any CPU.Build.0 = Debug|Any CPU
		{2D3DF445-163C-47D9-AF0D-BDB900095A85}.Release|Any CPU.ActiveCfg = Release|Any CPU
		{2D3DF445-163C-47D9-AF0D-BDB900095A85}.Release|Any CPU.Build.0 = Release|Any CPU
	EndGlobalSection
	GlobalSection(SolutionProperties) = preSolution
		HideSolutionNode = FALSE
	EndGlobalSection
	GlobalSection(ExtensibilityGlobals) = postSolution
		SolutionGuid = {E4A9E5BC-DFBD-42A5-B8A6-35495B693738}
	EndGlobalSection
EndGlobal
